{
  "meteor": {},
  "dependencies": {
    "basePackages": {
      "meteor-jquery-ui-touch-punch": {
        "git": "https://github.com/locksmithdon/meteor-jquery-ui-touch-punch.git",
        "branch": "master"
      }
    },
    "packages": {
      "meteor-jquery-ui-touch-punch": {
        "git": "https://github.com/locksmithdon/meteor-jquery-ui-touch-punch.git",
        "branch": "master",
        "commit": "a9cfe617e08bc4996127210e3c8b76c79d089b6c"
      }
    }
  }
}
